
Microsoft Visual Studio Solution File, Format Version 12.00
# Visual Studio Version 17
VisualStudioVersion = 17.10.35013.160
MinimumVisualStudioVersion = 10.0.40219.1
Project("{FAE04EC0-301F-11D3-BF4B-00C04F79EFBC}") = "MovieFusion", "MovieFusion\MovieFusion.csproj", "{836E08B7-918B-4B9B-859C-ABE663F604E2}"
EndProject
Global
	GlobalSection(SolutionConfigurationPlatforms) = preSolution
		Debug|Any CPU = Debug|Any CPU
		Release|Any CPU = Release|Any CPU
	EndGlobalSection
	GlobalSection(ProjectConfigurationPlatforms) = postSolution
		{836E08B7-918B-4B9B-859C-ABE663F604E2}.Debug|Any CPU.ActiveCfg = Debug|Any CPU
		{836E08B7-918B-4B9B-859C-ABE663F604E2}.Debug|Any CPU.Build.0 = Debug|Any CPU
		{836E08B7-918B-4B9B-859C-ABE663F604E2}.Release|Any CPU.ActiveCfg = Release|Any CPU
		{836E08B7-918B-4B9B-859C-ABE663F604E2}.Release|Any CPU.Build.0 = Release|Any CPU
	EndGlobalSection
	GlobalSection(SolutionProperties) = preSolution
		HideSolutionNode = FALSE
	EndGlobalSection
	GlobalSection(ExtensibilityGlobals) = postSolution
		SolutionGuid = {464A9731-95E4-49E3-AAE0-9FA6CCE7AA32}
	EndGlobalSection
EndGlobal
